
Microsoft Visual Studio Solution File, Format Version 12.00
# Visual Studio Version 17
VisualStudioVersion = 17.0.31903.59
MinimumVisualStudioVersion = 10.0.40219.1
Project("{FAE04EC0-301F-11D3-BF4B-00C04F79EFBC}") = "MerchStoryAPI", "MerchStoryAPI\MerchStoryAPI.csproj", "{AB2B67B7-7740-4667-987C-C98E6A662C06}"
EndProject
Project("{FAE04EC0-301F-11D3-BF4B-00C04F79EFBC}") = "MerchStoryImageGeneration", "MerchStoryImageGeneration\MerchStoryImageGeneration.csproj", "{E1F3A2B4-8C52-4D89-B3A1-7F6E2D9C0A15}"
EndProject
Project("{FAE04EC0-301F-11D3-BF4B-00C04F79EFBC}") = "MerchStory.Tests", "MerchStory.Tests\MerchStory.Tests.csproj", "{CD152974-AC48-4C37-AB29-151C8724176B}"
EndProject
Global
	GlobalSection(SolutionConfigurationPlatforms) = preSolution
		Debug|Any CPU = Debug|Any CPU
		Debug|x64 = Debug|x64
		Debug|x86 = Debug|x86
		Release|Any CPU = Release|Any CPU
		Release|x64 = Release|x64
		Release|x86 = Release|x86
	EndGlobalSection
	GlobalSection(ProjectConfigurationPlatforms) = postSolution
		{AB2B67B7-7740-4667-987C-C98E6A662C06}.Debug|Any CPU.ActiveCfg = Debug|Any CPU
		{AB2B67B7-7740-4667-987C-C98E6A662C06}.Debug|Any CPU.Build.0 = Debug|Any CPU
		{AB2B67B7-7740-4667-987C-C98E6A662C06}.Debug|x64.ActiveCfg = Debug|Any CPU
		{AB2B67B7-7740-4667-987C-C98E6A662C06}.Debug|x64.Build.0 = Debug|Any CPU
		{AB2B67B7-7740-4667-987C-C98E6A662C06}.Debug|x86.ActiveCfg = Debug|Any CPU
		{AB2B67B7-7740-4667-987C-C98E6A662C06}.Debug|x86.Build.0 = Debug|Any CPU
		{AB2B67B7-7740-4667-987C-C98E6A662C06}.Release|Any CPU.ActiveCfg = Release|Any CPU
		{AB2B67B7-7740-4667-987C-C98E6A662C06}.Release|Any CPU.Build.0 = Release|Any CPU
		{AB2B67B7-7740-4667-987C-C98E6A662C06}.Release|x64.ActiveCfg = Release|Any CPU
		{AB2B67B7-7740-4667-987C-C98E6A662C06}.Release|x64.Build.0 = Release|Any CPU
		{AB2B67B7-7740-4667-987C-C98E6A662C06}.Release|x86.ActiveCfg = Release|Any CPU
		{AB2B67B7-7740-4667-987C-C98E6A662C06}.Release|x86.Build.0 = Release|Any CPU
		{E1F3A2B4-8C52-4D89-B3A1-7F6E2D9C0A15}.Debug|Any CPU.ActiveCfg = Debug|Any CPU
		{E1F3A2B4-8C52-4D89-B3A1-7F6E2D9C0A15}.Debug|Any CPU.Build.0 = Debug|Any CPU
		{E1F3A2B4-8C52-4D89-B3A1-7F6E2D9C0A15}.Debug|x64.ActiveCfg = Debug|Any CPU
		{E1F3A2B4-8C52-4D89-B3A1-7F6E2D9C0A15}.Debug|x64.Build.0 = Debug|Any CPU
		{E1F3A2B4-8C52-4D89-B3A1-7F6E2D9C0A15}.Debug|x86.ActiveCfg = Debug|Any CPU
		{E1F3A2B4-8C52-4D89-B3A1-7F6E2D9C0A15}.Debug|x86.Build.0 = Debug|Any CPU
		{E1F3A2B4-8C52-4D89-B3A1-7F6E2D9C0A15}.Release|Any CPU.ActiveCfg = Release|Any CPU
		{E1F3A2B4-8C52-4D89-B3A1-7F6E2D9C0A15}.Release|Any CPU.Build.0 = Release|Any CPU
		{E1F3A2B4-8C52-4D89-B3A1-7F6E2D9C0A15}.Release|x64.ActiveCfg = Release|Any CPU
		{E1F3A2B4-8C52-4D89-B3A1-7F6E2D9C0A15}.Release|x64.Build.0 = Release|Any CPU
		{E1F3A2B4-8C52-4D89-B3A1-7F6E2D9C0A15}.Release|x86.ActiveCfg = Release|Any CPU
		{E1F3A2B4-8C52-4D89-B3A1-7F6E2D9C0A15}.Release|x86.Build.0 = Release|Any CPU
		{CD152974-AC48-4C37-AB29-151C8724176B}.Debug|Any CPU.ActiveCfg = Debug|Any CPU
		{CD152974-AC48-4C37-AB29-151C8724176B}.Debug|Any CPU.Build.0 = Debug|Any CPU
		{CD152974-AC48-4C37-AB29-151C8724176B}.Debug|x64.ActiveCfg = Debug|Any CPU
		{CD152974-AC48-4C37-AB29-151C8724176B}.Debug|x64.Build.0 = Debug|Any CPU
		{CD152974-AC48-4C37-AB29-151C8724176B}.Debug|x86.ActiveCfg = Debug|Any CPU
		{CD152974-AC48-4C37-AB29-151C8724176B}.Debug|x86.Build.0 = Debug|Any CPU
		{CD152974-AC48-4C37-AB29-151C8724176B}.Release|Any CPU.ActiveCfg = Release|Any CPU
		{CD152974-AC48-4C37-AB29-151C8724176B}.Release|Any CPU.Build.0 = Release|Any CPU
		{CD152974-AC48-4C37-AB29-151C8724176B}.Release|x64.ActiveCfg = Release|Any CPU
		{CD152974-AC48-4C37-AB29-151C8724176B}.Release|x64.Build.0 = Release|Any CPU
		{CD152974-AC48-4C37-AB29-151C8724176B}.Release|x86.ActiveCfg = Release|Any CPU
		{CD152974-AC48-4C37-AB29-151C8724176B}.Release|x86.Build.0 = Release|Any CPU
	EndGlobalSection
	GlobalSection(SolutionProperties) = preSolution
		HideSolutionNode = FALSE
	EndGlobalSection
EndGlobal
